{
  "name": "socketio-server",
  "version": "1.0.0",
  "lockfileVersion": 1,
  "requires": true,
  "dependencies": {
    "@colors/colors": {
      "version": "1.5.0",
      "resolved": "http://msdeartprod.ms.com/artifactory/api/npm/npmjs/@colors/colors/-/colors-1.5.0.tgz",
      "integrity": "sha1-u1BFecHK6SPmV2pPXaQ9Jfl729k="
    },
    "@dabh/diagnostics": {
      "version": "2.0.3",
      "resolved": "http://msdeartprod.ms.com/artifactory/api/npm/npmjs/@dabh/diagnostics/-/diagnostics-2.0.3.tgz",
      "integrity": "sha1-f36X7ppyXf/HgI2TZozJhOHcR3o=",
      "requires": {
        "colorspace": "1.1.x",
        "enabled": "2.0.x",
        "kuler": "^2.0.0"
      }
    },
    "@socket.io/component-emitter": {
      "version": "3.1.0",
      "resolved": "http://msdeartprod.ms.com/artifactory/api/npm/npmjs/@socket.io/component-emitter/-/component-emitter-3.1.0.tgz",
      "integrity": "sha1-lhFvKpEuDAKBc0WzwQdRBpkg1VM="
    },
    "@types/cookie": {
      "version": "0.4.1",
      "resolved": "http://msdeartprod.ms.com/artifactory/api/npm/npmjs/@types/cookie/-/cookie-0.4.1.tgz",
      "integrity": "sha1-v9AsHyIkVnZ2wVRRmfh8OoYdh40="
    },
    "@types/cors": {
      "version": "2.8.13",
      "resolved": "http://msdeartprod.ms.com/artifactory/api/npm/npmjs/@types/cors/-/cors-2.8.13.tgz",
      "integrity": "sha1-uK3iK6RVobjLO10/NZEP0gT4T5Q=",
      "requires": {
        "@types/node": "*"
      }
    },
    "@types/node": {
      "version": "18.15.11",
      "resolved": "http://msdeartprod.ms.com/artifactory/api/npm/npmjs/@types/node/-/node-18.15.11.tgz",
      "integrity": "sha1-s7eQ8JyxaWz/zsYF3gJbCI+kIl8="
    },
    "@types/triple-beam": {
      "version": "1.3.2",
      "resolved": "http://msdeartprod.ms.com/artifactory/api/npm/npmjs/@types/triple-beam/-/triple-beam-1.3.2.tgz",
      "integrity": "sha1-OOy2TwGqDQK3yPQiLXw4r2MW/vg="
    },
    "accepts": {
      "version": "1.3.8",
      "resolved": "http://msdeartprod.ms.com/artifactory/api/npm/npmjs/accepts/-/accepts-1.3.8.tgz",
      "integrity": "sha1-C/C+EltnAUrcsLCSHmLbe//hay4=",
      "requires": {
        "mime-types": "~2.1.34",
        "negotiator": "0.6.3"
      }
    },
    "array-flatten": {
      "version": "1.1.1",
      "resolved": "http://msdeartprod.ms.com/artifactory/api/npm/npmjs/array-flatten/-/array-flatten-1.1.1.tgz",
      "integrity": "sha1-ml9pkFGx5wczKPKgCJaLZOopVdI="
    },
    "async": {
      "version": "3.2.4",
      "resolved": "http://msdeartprod.ms.com/artifactory/api/npm/npmjs/async/-/async-3.2.4.tgz",
      "integrity": "sha1-LSLgD4zd61/eXdM1IrVtHPVpqBw="
    },
    "base64id": {
      "version": "2.0.0",
      "resolved": "http://msdeartprod.ms.com/artifactory/api/npm/npmjs/base64id/-/base64id-2.0.0.tgz",
      "integrity": "sha1-J3Csa8R9MSr5eov5pjQ0LgzSXLY="
    },
    "body-parser": {
      "version": "1.20.1",
      "resolved": "http://msdeartprod.ms.com/artifactory/api/npm/npmjs/body-parser/-/body-parser-1.20.1.tgz",
      "integrity": "sha1-sYEqiRLBlc03Gj7l5m+qIzilxmg=",
      "requires": {
        "bytes": "3.1.2",
        "content-type": "~1.0.4",
        "debug": "2.6.9",
        "depd": "2.0.0",
        "destroy": "1.2.0",
        "http-errors": "2.0.0",
        "iconv-lite": "0.4.24",
        "on-finished": "2.4.1",
        "qs": "6.11.0",
        "raw-body": "2.5.1",
        "type-is": "~1.6.18",
        "unpipe": "1.0.0"
      },
      "dependencies": {
        "debug": {
          "version": "2.6.9",
          "resolved": "http://msdeartprod.ms.com/artifactory/api/npm/npmjs/debug/-/debug-2.6.9.tgz",
          "integrity": "sha1-XRKFFd8TT/Mn6QpMk/Tgd6U2NB8=",
          "requires": {
            "ms": "2.0.0"
          }
        },
        "ms": {
          "version": "2.0.0",
          "resolved": "http://msdeartprod.ms.com/artifactory/api/npm/npmjs/ms/-/ms-2.0.0.tgz",
          "integrity": "sha1-VgiurfwAvmwpAd9fmGF4jeDVl8g="
        }
      }
    },
    "bytes": {
      "version": "3.1.2",
      "resolved": "http://msdeartprod.ms.com/artifactory/api/npm/npmjs/bytes/-/bytes-3.1.2.tgz",
      "integrity": "sha1-iwvuuYYFrfGxKPpDhkA8AJ4CIaU="
    },
    "call-bind": {
      "version": "1.0.2",
      "resolved": "http://msdeartprod.ms.com/artifactory/api/npm/npmjs/call-bind/-/call-bind-1.0.2.tgz",
      "integrity": "sha1-sdTonmiBGcPJqQOtMKuy9qkZvjw=",
      "requires": {
        "function-bind": "^1.1.1",
        "get-intrinsic": "^1.0.2"
      }
    },
    "color": {
      "version": "3.2.1",
      "resolved": "http://msdeartprod.ms.com/artifactory/api/npm/npmjs/color/-/color-3.2.1.tgz",
      "integrity": "sha1-NUTcGYyvRJDD7MmnkLVP6f9F4WQ=",
      "requires": {
        "color-convert": "^1.9.3",
        "color-string": "^1.6.0"
      }
    },
    "color-convert": {
      "version": "1.9.3",
      "resolved": "http://msdeartprod.ms.com/artifactory/api/npm/npmjs/color-convert/-/color-convert-1.9.3.tgz",
      "integrity": "sha1-u3GFBpDh8TZWfeYp0tVHHe2kweg=",
      "requires": {
        "color-name": "1.1.3"
      }
    },
    "color-name": {
      "version": "1.1.3",
      "resolved": "http://msdeartprod.ms.com/artifactory/api/npm/npmjs/color-name/-/color-name-1.1.3.tgz",
      "integrity": "sha1-p9BVi9icQveV3UIyj3QIMcpTvCU="
    },
    "color-string": {
      "version": "1.9.1",
      "resolved": "http://msdeartprod.ms.com/artifactory/api/npm/npmjs/color-string/-/color-string-1.9.1.tgz",
      "integrity": "sha1-RGf5FG8Db4Vbdk37W/hYK/NCx6Q=",
      "requires": {
        "color-name": "^1.0.0",
        "simple-swizzle": "^0.2.2"
      }
    },
    "colorspace": {
      "version": "1.1.4",
      "resolved": "http://msdeartprod.ms.com/artifactory/api/npm/npmjs/colorspace/-/colorspace-1.1.4.tgz",
      "integrity": "sha1-jUQtEYYVL2BFO/gHDNZus2TlkkM=",
      "requires": {
        "color": "^3.1.3",
        "text-hex": "1.0.x"
      }
    },
    "content-disposition": {
      "version": "0.5.4",
      "resolved": "http://msdeartprod.ms.com/artifactory/api/npm/npmjs/content-disposition/-/content-disposition-0.5.4.tgz",
      "integrity": "sha1-i4K076yCUSoCuwsdzsnSxejrW/4=",
      "requires": {
        "safe-buffer": "5.2.1"
      }
    },
    "content-type": {
      "version": "1.0.5",
      "resolved": "http://msdeartprod.ms.com/artifactory/api/npm/npmjs/content-type/-/content-type-1.0.5.tgz",
      "integrity": "sha1-i3cxYmVtHRCGeEyPI6VM5tc9eRg="
    },
    "cookie": {
      "version": "0.4.2",
      "resolved": "http://msdeartprod.ms.com/artifactory/api/npm/npmjs/cookie/-/cookie-0.4.2.tgz",
      "integrity": "sha1-DkHyTeXs8xeUfIL8eJ4GqISCRDI="
    },
    "cookie-signature": {
      "version": "1.0.6",
      "resolved": "http://msdeartprod.ms.com/artifactory/api/npm/npmjs/cookie-signature/-/cookie-signature-1.0.6.tgz",
      "integrity": "sha1-4wOogrNCzD7oylE6eZmXNNqzriw="
    },
    "cors": {
      "version": "2.8.5",
      "resolved": "http://msdeartprod.ms.com/artifactory/api/npm/npmjs/cors/-/cors-2.8.5.tgz",
      "integrity": "sha1-6sEdpRWS3Ya58G9uesKTs9+HXSk=",
      "requires": {
        "object-assign": "^4",
        "vary": "^1"
      }
    },
    "debug": {
      "version": "4.3.4",
      "resolved": "http://msdeartprod.ms.com/artifactory/api/npm/npmjs/debug/-/debug-4.3.4.tgz",
      "integrity": "sha1-Exn2V5NX8jONMzfSzdSRS7XcyGU=",
      "requires": {
        "ms": "2.1.2"
      }
    },
    "depd": {
      "version": "2.0.0",
      "resolved": "http://msdeartprod.ms.com/artifactory/api/npm/npmjs/depd/-/depd-2.0.0.tgz",
      "integrity": "sha1-tpYWPMdXVg0JzyLMj60Vcbeedt8="
    },
    "destroy": {
      "version": "1.2.0",
      "resolved": "http://msdeartprod.ms.com/artifactory/api/npm/npmjs/destroy/-/destroy-1.2.0.tgz",
      "integrity": "sha1-SANzVQmti+VSk0xn32FPlOZvoBU="
    },
    "ee-first": {
      "version": "1.1.1",
      "resolved": "http://msdeartprod.ms.com/artifactory/api/npm/npmjs/ee-first/-/ee-first-1.1.1.tgz",
      "integrity": "sha1-WQxhFWsK4vTwJVcyoViyZrxWsh0="
    },
    "enabled": {
      "version": "2.0.0",
      "resolved": "http://msdeartprod.ms.com/artifactory/api/npm/npmjs/enabled/-/enabled-2.0.0.tgz",
      "integrity": "sha1-+d2S7C1vS7wNXR5k4h1hzUZl58I="
    },
    "encodeurl": {
      "version": "1.0.2",
      "resolved": "http://msdeartprod.ms.com/artifactory/api/npm/npmjs/encodeurl/-/encodeurl-1.0.2.tgz",
      "integrity": "sha1-rT/0yG7C0CkyL1oCw6mmBslbP1k="
    },
    "engine.io": {
      "version": "6.4.1",
      "resolved": "http://msdeartprod.ms.com/artifactory/api/npm/npmjs/engine.io/-/engine.io-6.4.1.tgz",
      "integrity": "sha1-gFa0UmqI53n5woDYIEItTj7qquU=",
      "requires": {
        "@types/cookie": "^0.4.1",
        "@types/cors": "^2.8.12",
        "@types/node": ">=10.0.0",
        "accepts": "~1.3.4",
        "base64id": "2.0.0",
        "cookie": "~0.4.1",
        "cors": "~2.8.5",
        "debug": "~4.3.1",
        "engine.io-parser": "~5.0.3",
        "ws": "~8.11.0"
      }
    },
    "engine.io-parser": {
      "version": "5.0.6",
      "resolved": "http://msdeartprod.ms.com/artifactory/api/npm/npmjs/engine.io-parser/-/engine.io-parser-5.0.6.tgz",
      "integrity": "sha1-eBEkSvFz4VcpXeybJxjf5Cpk70U="
    },
    "escape-html": {
      "version": "1.0.3",
      "resolved": "http://msdeartprod.ms.com/artifactory/api/npm/npmjs/escape-html/-/escape-html-1.0.3.tgz",
      "integrity": "sha1-Aljq5NPQwJdN4cFpGI7wBR0dGYg="
    },
    "etag": {
      "version": "1.8.1",
      "resolved": "http://msdeartprod.ms.com/artifactory/api/npm/npmjs/etag/-/etag-1.8.1.tgz",
      "integrity": "sha1-Qa4u62XvpiJorr/qg6x9eSmbCIc="
    },
    "express": {
      "version": "4.18.2",
      "resolved": "http://msdeartprod.ms.com/artifactory/api/npm/npmjs/express/-/express-4.18.2.tgz",
      "integrity": "sha1-P6vggpbpMMeWwZ48UWl5OGup/Vk=",
      "requires": {
        "accepts": "~1.3.8",
        "array-flatten": "1.1.1",
        "body-parser": "1.20.1",
        "content-disposition": "0.5.4",
        "content-type": "~1.0.4",
        "cookie": "0.5.0",
        "cookie-signature": "1.0.6",
        "debug": "2.6.9",
        "depd": "2.0.0",
        "encodeurl": "~1.0.2",
        "escape-html": "~1.0.3",
        "etag": "~1.8.1",
        "finalhandler": "1.2.0",
        "fresh": "0.5.2",
        "http-errors": "2.0.0",
        "merge-descriptors": "1.0.1",
        "methods": "~1.1.2",
        "on-finished": "2.4.1",
        "parseurl": "~1.3.3",
        "path-to-regexp": "0.1.7",
        "proxy-addr": "~2.0.7",
        "qs": "6.11.0",
        "range-parser": "~1.2.1",
        "safe-buffer": "5.2.1",
        "send": "0.18.0",
        "serve-static": "1.15.0",
        "setprototypeof": "1.2.0",
        "statuses": "2.0.1",
        "type-is": "~1.6.18",
        "utils-merge": "1.0.1",
        "vary": "~1.1.2"
      },
      "dependencies": {
        "cookie": {
          "version": "0.5.0",
          "resolved": "http://msdeartprod.ms.com/artifactory/api/npm/npmjs/cookie/-/cookie-0.5.0.tgz",
          "integrity": "sha1-0fXXGt7GVYxY84mYfDZqpH6ZT4s="
        },
        "debug": {
          "version": "2.6.9",
          "resolved": "http://msdeartprod.ms.com/artifactory/api/npm/npmjs/debug/-/debug-2.6.9.tgz",
          "integrity": "sha1-XRKFFd8TT/Mn6QpMk/Tgd6U2NB8=",
          "requires": {
            "ms": "2.0.0"
          }
        },
        "ms": {
          "version": "2.0.0",
          "resolved": "http://msdeartprod.ms.com/artifactory/api/npm/npmjs/ms/-/ms-2.0.0.tgz",
          "integrity": "sha1-VgiurfwAvmwpAd9fmGF4jeDVl8g="
        }
      }
    },
    "fecha": {
      "version": "4.2.3",
      "resolved": "http://msdeartprod.ms.com/artifactory/api/npm/npmjs/fecha/-/fecha-4.2.3.tgz",
      "integrity": "sha1-TZzNvGHoYpsln9ymfmWJFEjVaf0="
    },
    "finalhandler": {
      "version": "1.2.0",
      "resolved": "http://msdeartprod.ms.com/artifactory/api/npm/npmjs/finalhandler/-/finalhandler-1.2.0.tgz",
      "integrity": "sha1-fSP+VzGyB7RkDk/NAK7B+SB6ezI=",
      "requires": {
        "debug": "2.6.9",
        "encodeurl": "~1.0.2",
        "escape-html": "~1.0.3",
        "on-finished": "2.4.1",
        "parseurl": "~1.3.3",
        "statuses": "2.0.1",
        "unpipe": "~1.0.0"
      },
      "dependencies": {
        "debug": {
          "version": "2.6.9",
          "resolved": "http://msdeartprod.ms.com/artifactory/api/npm/npmjs/debug/-/debug-2.6.9.tgz",
          "integrity": "sha1-XRKFFd8TT/Mn6QpMk/Tgd6U2NB8=",
          "requires": {
            "ms": "2.0.0"
          }
        },
        "ms": {
          "version": "2.0.0",
          "resolved": "http://msdeartprod.ms.com/artifactory/api/npm/npmjs/ms/-/ms-2.0.0.tgz",
          "integrity": "sha1-VgiurfwAvmwpAd9fmGF4jeDVl8g="
        }
      }
    },
    "fn.name": {
      "version": "1.1.0",
      "resolved": "http://msdeartprod.ms.com/artifactory/api/npm/npmjs/fn.name/-/fn.name-1.1.0.tgz",
      "integrity": "sha1-JsrYAXlnrqhzG8QpYdBKPVmIrMw="
    },
    "forwarded": {
      "version": "0.2.0",
      "resolved": "http://msdeartprod.ms.com/artifactory/api/npm/npmjs/forwarded/-/forwarded-0.2.0.tgz",
      "integrity": "sha1-ImmTZCiq1MFcfr6XeahL8LKoGBE="
    },
    "fresh": {
      "version": "0.5.2",
      "resolved": "http://msdeartprod.ms.com/artifactory/api/npm/npmjs/fresh/-/fresh-0.5.2.tgz",
      "integrity": "sha1-PYyt2Q2XZWn6g1qx+OSyOhBWBac="
    },
    "function-bind": {
      "version": "1.1.1",
      "resolved": "http://msdeartprod.ms.com/artifactory/api/npm/npmjs/function-bind/-/function-bind-1.1.1.tgz",
      "integrity": "sha1-pWiZ0+o8m6uHS7l3O3xe3pL0iV0="
    },
    "get-intrinsic": {
      "version": "1.2.0",
      "resolved": "http://msdeartprod.ms.com/artifactory/api/npm/npmjs/get-intrinsic/-/get-intrinsic-1.2.0.tgz",
      "integrity": "sha1-etHcBTXzopBLugdXcnY+UFH20F8=",
      "requires": {
        "function-bind": "^1.1.1",
        "has": "^1.0.3",
        "has-symbols": "^1.0.3"
      }
    },
    "has": {
      "version": "1.0.3",
      "resolved": "http://msdeartprod.ms.com/artifactory/api/npm/npmjs/has/-/has-1.0.3.tgz",
      "integrity": "sha1-ci18v8H2qoJB8W3YFOAR4fQeh5Y=",
      "requires": {
        "function-bind": "^1.1.1"
      }
    },
    "has-symbols": {
      "version": "1.0.3",
      "resolved": "http://msdeartprod.ms.com/artifactory/api/npm/npmjs/has-symbols/-/has-symbols-1.0.3.tgz",
      "integrity": "sha1-u3ssQ0klHc6HsSX3vfh0qnyLOfg="
    },
    "http-errors": {
      "version": "2.0.0",
      "resolved": "http://msdeartprod.ms.com/artifactory/api/npm/npmjs/http-errors/-/http-errors-2.0.0.tgz",
      "integrity": "sha1-t3dKFIbvc892Z6ya4IWMASxXudM=",
      "requires": {
        "depd": "2.0.0",
        "inherits": "2.0.4",
        "setprototypeof": "1.2.0",
        "statuses": "2.0.1",
        "toidentifier": "1.0.1"
      }
    },
    "iconv-lite": {
      "version": "0.4.24",
      "resolved": "http://msdeartprod.ms.com/artifactory/api/npm/npmjs/iconv-lite/-/iconv-lite-0.4.24.tgz",
      "integrity": "sha1-ICK0sl+93CHS9SSXSkdKr+czkIs=",
      "requires": {
        "safer-buffer": ">= 2.1.2 < 3"
      }
    },
    "inherits": {
      "version": "2.0.4",
      "resolved": "http://msdeartprod.ms.com/artifactory/api/npm/npmjs/inherits/-/inherits-2.0.4.tgz",
      "integrity": "sha1-D6LGT5MpF8NDOg3tVTY6rjdBa3w="
    },
    "ipaddr.js": {
      "version": "1.9.1",
      "resolved": "http://msdeartprod.ms.com/artifactory/api/npm/npmjs/ipaddr.js/-/ipaddr.js-1.9.1.tgz",
      "integrity": "sha1-v/OFQ+64mEglB5/zoqjmy9RngbM="
    },
    "is-arrayish": {
      "version": "0.3.2",
      "resolved": "http://msdeartprod.ms.com/artifactory/api/npm/npmjs/is-arrayish/-/is-arrayish-0.3.2.tgz",
      "integrity": "sha1-RXSirlb3qyBolvtDHq7tBm/fjwM="
    },
    "is-stream": {
      "version": "2.0.1",
      "resolved": "http://msdeartprod.ms.com/artifactory/api/npm/npmjs/is-stream/-/is-stream-2.0.1.tgz",
      "integrity": "sha1-+sHj1TuXrVqdCunO8jifWBClwHc="
    },
    "kuler": {
      "version": "2.0.0",
      "resolved": "http://msdeartprod.ms.com/artifactory/api/npm/npmjs/kuler/-/kuler-2.0.0.tgz",
      "integrity": "sha1-4sVwo4ADiPtEQH6FFTHB1nCwYbM="
    },
    "logform": {
      "version": "2.5.1",
      "resolved": "http://msdeartprod.ms.com/artifactory/api/npm/npmjs/logform/-/logform-2.5.1.tgz",
      "integrity": "sha1-RMd8NL7NcbOkKjlwx3kp5Sxu1Is=",
      "requires": {
        "@colors/colors": "1.5.0",
        "@types/triple-beam": "^1.3.2",
        "fecha": "^4.2.0",
        "ms": "^2.1.1",
        "safe-stable-stringify": "^2.3.1",
        "triple-beam": "^1.3.0"
      }
    },
    "media-typer": {
      "version": "0.3.0",
      "resolved": "http://msdeartprod.ms.com/artifactory/api/npm/npmjs/media-typer/-/media-typer-0.3.0.tgz",
      "integrity": "sha1-hxDXrwqmJvj/+hzgAWhUUmMlV0g="
    },
    "merge-descriptors": {
      "version": "1.0.1",
      "resolved": "http://msdeartprod.ms.com/artifactory/api/npm/npmjs/merge-descriptors/-/merge-descriptors-1.0.1.tgz",
      "integrity": "sha1-sAqqVW3YtEVoFQ7J0blT8/kMu2E="
    },
    "methods": {
      "version": "1.1.2",
      "resolved": "http://msdeartprod.ms.com/artifactory/api/npm/npmjs/methods/-/methods-1.1.2.tgz",
      "integrity": "sha1-VSmk1nZUE07cxSZmVoNbD4Ua/O4="
    },
    "mime": {
      "version": "1.6.0",
      "resolved": "http://msdeartprod.ms.com/artifactory/api/npm/npmjs/mime/-/mime-1.6.0.tgz",
      "integrity": "sha1-Ms2eXGRVO9WNGaVor0Uqz/BJgbE="
    },
    "mime-db": {
      "version": "1.52.0",
      "resolved": "http://msdeartprod.ms.com/artifactory/api/npm/npmjs/mime-db/-/mime-db-1.52.0.tgz",
      "integrity": "sha1-u6vNwChZ9JhzAchW4zh85exDv3A="
    },
    "mime-types": {
      "version": "2.1.35",
      "resolved": "http://msdeartprod.ms.com/artifactory/api/npm/npmjs/mime-types/-/mime-types-2.1.35.tgz",
      "integrity": "sha1-OBqHG2KnNEUGYK497uRIE/cNlZo=",
      "requires": {
        "mime-db": "1.52.0"
      }
    },
    "ms": {
      "version": "2.1.2",
      "resolved": "http://msdeartprod.ms.com/artifactory/api/npm/npmjs/ms/-/ms-2.1.2.tgz",
      "integrity": "sha1-0J0fNXtEP0kzgqjrPM0YOHKuYAk="
    },
    "negotiator": {
      "version": "0.6.3",
      "resolved": "http://msdeartprod.ms.com/artifactory/api/npm/npmjs/negotiator/-/negotiator-0.6.3.tgz",
      "integrity": "sha1-WOMjpy/twNb5zU0x/kn1FHlZDM0="
    },
    "object-assign": {
      "version": "4.1.1",
      "resolved": "http://msdeartprod.ms.com/artifactory/api/npm/npmjs/object-assign/-/object-assign-4.1.1.tgz",
      "integrity": "sha1-IQmtx5ZYh8/AXLvUQsrIv7s2CGM="
    },
    "object-inspect": {
      "version": "1.12.3",
      "resolved": "http://msdeartprod.ms.com/artifactory/api/npm/npmjs/object-inspect/-/object-inspect-1.12.3.tgz",
      "integrity": "sha1-umLf/WfuJWyMCG365p4BbNHxmLk="
    },
    "on-finished": {
      "version": "2.4.1",
      "resolved": "http://msdeartprod.ms.com/artifactory/api/npm/npmjs/on-finished/-/on-finished-2.4.1.tgz",
      "integrity": "sha1-WMjEQRblSEWtV/FKsQsDUzGErD8=",
      "requires": {
        "ee-first": "1.1.1"
      }
    },
    "one-time": {
      "version": "1.0.0",
      "resolved": "http://msdeartprod.ms.com/artifactory/api/npm/npmjs/one-time/-/one-time-1.0.0.tgz",
      "integrity": "sha1-4GvBdK7SFO1Y7e3lc7Qzu/gny0U=",
      "requires": {
        "fn.name": "1.x.x"
      }
    },
    "parseurl": {
      "version": "1.3.3",
      "resolved": "http://msdeartprod.ms.com/artifactory/api/npm/npmjs/parseurl/-/parseurl-1.3.3.tgz",
      "integrity": "sha1-naGee+6NEt/wUT7Vt2lXeTvC6NQ="
    },
    "path-to-regexp": {
      "version": "0.1.7",
      "resolved": "http://msdeartprod.ms.com/artifactory/api/npm/npmjs/path-to-regexp/-/path-to-regexp-0.1.7.tgz",
      "integrity": "sha1-32BBeABfUi8V60SQ5yR6G/qmf4w="
    },
    "proxy-addr": {
      "version": "2.0.7",
      "resolved": "http://msdeartprod.ms.com/artifactory/api/npm/npmjs/proxy-addr/-/proxy-addr-2.0.7.tgz",
      "integrity": "sha1-8Z/mnOqzEe65S0LnDowgcPm6ECU=",
      "requires": {
        "forwarded": "0.2.0",
        "ipaddr.js": "1.9.1"
      }
    },
    "qs": {
      "version": "6.11.0",
      "resolved": "http://msdeartprod.ms.com/artifactory/api/npm/npmjs/qs/-/qs-6.11.0.tgz",
      "integrity": "sha1-/Q2WNEb3pl4TZ+AavYVClFPww3o=",
      "requires": {
        "side-channel": "^1.0.4"
      }
    },
    "range-parser": {
      "version": "1.2.1",
      "resolved": "http://msdeartprod.ms.com/artifactory/api/npm/npmjs/range-parser/-/range-parser-1.2.1.tgz",
      "integrity": "sha1-PPNwI9GZ4cJNGlW4SADC8+ZGgDE="
    },
    "raw-body": {
      "version": "2.5.1",
      "resolved": "http://msdeartprod.ms.com/artifactory/api/npm/npmjs/raw-body/-/raw-body-2.5.1.tgz",
      "integrity": "sha1-/hsWKLGBtwAhXl/UI4n5i3E5KFc=",
      "requires": {
        "bytes": "3.1.2",
        "http-errors": "2.0.0",
        "iconv-lite": "0.4.24",
        "unpipe": "1.0.0"
      }
    },
    "readable-stream": {
      "version": "3.6.2",
      "resolved": "http://msdeartprod.ms.com/artifactory/api/npm/npmjs/readable-stream/-/readable-stream-3.6.2.tgz",
      "integrity": "sha1-VqmzbqllwAxak+8x6xEaDxEFaWc=",
      "requires": {
        "inherits": "^2.0.3",
        "string_decoder": "^1.1.1",
        "util-deprecate": "^1.0.1"
      }
    },
    "safe-buffer": {
      "version": "5.2.1",
      "resolved": "http://msdeartprod.ms.com/artifactory/api/npm/npmjs/safe-buffer/-/safe-buffer-5.2.1.tgz",
      "integrity": "sha1-Hq+fqb2x/dTsdfWPnNtOa3gn7sY="
    },
    "safe-stable-stringify": {
      "version": "2.4.3",
      "resolved": "http://msdeartprod.ms.com/artifactory/api/npm/npmjs/safe-stable-stringify/-/safe-stable-stringify-2.4.3.tgz",
      "integrity": "sha1-E4yEtvbts9tfjvPvcRW49VzL+IY="
    },
    "safer-buffer": {
      "version": "2.1.2",
      "resolved": "http://msdeartprod.ms.com/artifactory/api/npm/npmjs/safer-buffer/-/safer-buffer-2.1.2.tgz",
      "integrity": "sha1-RPoWGwGHuVSd2Eu5GAL5vYOFzWo="
    },
    "send": {
      "version": "0.18.0",
      "resolved": "http://msdeartprod.ms.com/artifactory/api/npm/npmjs/send/-/send-0.18.0.tgz",
      "integrity": "sha1-ZwFnzGVLBfWqSnZ/kRO7NxvHBr4=",
      "requires": {
        "debug": "2.6.9",
        "depd": "2.0.0",
        "destroy": "1.2.0",
        "encodeurl": "~1.0.2",
        "escape-html": "~1.0.3",
        "etag": "~1.8.1",
        "fresh": "0.5.2",
        "http-errors": "2.0.0",
        "mime": "1.6.0",
        "ms": "2.1.3",
        "on-finished": "2.4.1",
        "range-parser": "~1.2.1",
        "statuses": "2.0.1"
      },
      "dependencies": {
        "debug": {
          "version": "2.6.9",
          "resolved": "http://msdeartprod.ms.com/artifactory/api/npm/npmjs/debug/-/debug-2.6.9.tgz",
          "integrity": "sha1-XRKFFd8TT/Mn6QpMk/Tgd6U2NB8=",
          "requires": {
            "ms": "2.0.0"
          },
          "dependencies": {
            "ms": {
              "version": "2.0.0",
              "resolved": "http://msdeartprod.ms.com/artifactory/api/npm/npmjs/ms/-/ms-2.0.0.tgz",
              "integrity": "sha1-VgiurfwAvmwpAd9fmGF4jeDVl8g="
            }
          }
        },
        "ms": {
          "version": "2.1.3",
          "resolved": "http://msdeartprod.ms.com/artifactory/api/npm/npmjs/ms/-/ms-2.1.3.tgz",
          "integrity": "sha1-V0yBOM4dK1hh8LRFedut1gxmFbI="
        }
      }
    },
    "serve-static": {
      "version": "1.15.0",
      "resolved": "http://msdeartprod.ms.com/artifactory/api/npm/npmjs/serve-static/-/serve-static-1.15.0.tgz",
      "integrity": "sha1-+q7wjP/goaYvYMrQxOUTz/CslUA=",
      "requires": {
        "encodeurl": "~1.0.2",
        "escape-html": "~1.0.3",
        "parseurl": "~1.3.3",
        "send": "0.18.0"
      }
    },
    "setprototypeof": {
      "version": "1.2.0",
      "resolved": "http://msdeartprod.ms.com/artifactory/api/npm/npmjs/setprototypeof/-/setprototypeof-1.2.0.tgz",
      "integrity": "sha1-ZsmiSnP5/CjL5msJ/tPTPcrxtCQ="
    },
    "side-channel": {
      "version": "1.0.4",
      "resolved": "http://msdeartprod.ms.com/artifactory/api/npm/npmjs/side-channel/-/side-channel-1.0.4.tgz",
      "integrity": "sha1-785cj9wQTudRslxY1CkAEfpeos8=",
      "requires": {
        "call-bind": "^1.0.0",
        "get-intrinsic": "^1.0.2",
        "object-inspect": "^1.9.0"
      }
    },
    "simple-swizzle": {
      "version": "0.2.2",
      "resolved": "http://msdeartprod.ms.com/artifactory/api/npm/npmjs/simple-swizzle/-/simple-swizzle-0.2.2.tgz",
      "integrity": "sha1-pNprY1/8zMoz9w0Xy5JZLeleVXo=",
      "requires": {
        "is-arrayish": "^0.3.1"
      }
    },
    "socket.io": {
      "version": "4.6.1",
      "resolved": "http://msdeartprod.ms.com/artifactory/api/npm/npmjs/socket.io/-/socket.io-4.6.1.tgz",
      "integrity": "sha1-YuwRfl/OBpL6UEmNqTR8+1LDvHA=",
      "requires": {
        "accepts": "~1.3.4",
        "base64id": "~2.0.0",
        "debug": "~4.3.2",
        "engine.io": "~6.4.1",
        "socket.io-adapter": "~2.5.2",
        "socket.io-parser": "~4.2.1"
      }
    },
    "socket.io-adapter": {
      "version": "2.5.2",
      "resolved": "http://msdeartprod.ms.com/artifactory/api/npm/npmjs/socket.io-adapter/-/socket.io-adapter-2.5.2.tgz",
      "integrity": "sha1-XelHfJGC/cFxzYyDZLmoiU7HXRI=",
      "requires": {
        "ws": "~8.11.0"
      }
    },
    "socket.io-parser": {
      "version": "4.2.2",
      "resolved": "http://msdeartprod.ms.com/artifactory/api/npm/npmjs/socket.io-parser/-/socket.io-parser-4.2.2.tgz",
      "integrity": "sha1-HdOEAZ4lt6PTdId/SSqzTyrQ0gY=",
      "requires": {
        "@socket.io/component-emitter": "~3.1.0",
        "debug": "~4.3.1"
      }
    },
    "stack-trace": {
      "version": "0.0.10",
      "resolved": "http://msdeartprod.ms.com/artifactory/api/npm/npmjs/stack-trace/-/stack-trace-0.0.10.tgz",
      "integrity": "sha1-VHxws0fo0ytOEI6hoqFZ5f3eGcA="
    },
    "statuses": {
      "version": "2.0.1",
      "resolved": "http://msdeartprod.ms.com/artifactory/api/npm/npmjs/statuses/-/statuses-2.0.1.tgz",
      "integrity": "sha1-VcsADM8dSHKL0jxoWgY5mM8aG2M="
    },
    "string_decoder": {
      "version": "1.3.0",
      "resolved": "http://msdeartprod.ms.com/artifactory/api/npm/npmjs/string_decoder/-/string_decoder-1.3.0.tgz",
      "integrity": "sha1-QvEUWUpGzxqOMLCoT1bHjD7awh4=",
      "requires": {
        "safe-buffer": "~5.2.0"
      }
    },
    "text-hex": {
      "version": "1.0.0",
      "resolved": "http://msdeartprod.ms.com/artifactory/api/npm/npmjs/text-hex/-/text-hex-1.0.0.tgz",
      "integrity": "sha1-adycGxdEbueakr9biEu0uRJ1BvU="
    },
    "toidentifier": {
      "version": "1.0.1",
      "resolved": "http://msdeartprod.ms.com/artifactory/api/npm/npmjs/toidentifier/-/toidentifier-1.0.1.tgz",
      "integrity": "sha1-O+NDIaiKgg7RvYDfqjPkefu43TU="
    },
    "triple-beam": {
      "version": "1.3.0",
      "resolved": "http://msdeartprod.ms.com/artifactory/api/npm/npmjs/triple-beam/-/triple-beam-1.3.0.tgz",
      "integrity": "sha1-pZUhTHKY24M57u7gg+TRC9jLjdk="
    },
    "type-is": {
      "version": "1.6.18",
      "resolved": "http://msdeartprod.ms.com/artifactory/api/npm/npmjs/type-is/-/type-is-1.6.18.tgz",
      "integrity": "sha1-TlUs0F3wlGfcvE73Od6J8s83wTE=",
      "requires": {
        "media-typer": "0.3.0",
        "mime-types": "~2.1.24"
      }
    },
    "unpipe": {
      "version": "1.0.0",
      "resolved": "http://msdeartprod.ms.com/artifactory/api/npm/npmjs/unpipe/-/unpipe-1.0.0.tgz",
      "integrity": "sha1-sr9O6FFKrmFltIF4KdIbLvSZBOw="
    },
    "util-deprecate": {
      "version": "1.0.2",
      "resolved": "http://msdeartprod.ms.com/artifactory/api/npm/npmjs/util-deprecate/-/util-deprecate-1.0.2.tgz",
      "integrity": "sha1-RQ1Nyfpw3nMnYvvS1KKJgUGaDM8="
    },
    "utils-merge": {
      "version": "1.0.1",
      "resolved": "http://msdeartprod.ms.com/artifactory/api/npm/npmjs/utils-merge/-/utils-merge-1.0.1.tgz",
      "integrity": "sha1-n5VxD1CiZ5R7LMwSR0HBAoQn5xM="
    },
    "vary": {
      "version": "1.1.2",
      "resolved": "http://msdeartprod.ms.com/artifactory/api/npm/npmjs/vary/-/vary-1.1.2.tgz",
      "integrity": "sha1-IpnwLG3tMNSllhsLn3RSShj2NPw="
    },
    "winston": {
      "version": "3.8.2",
      "resolved": "http://msdeartprod.ms.com/artifactory/api/npm/npmjs/winston/-/winston-3.8.2.tgz",
      "integrity": "sha1-VuFrNAIutM/yY4GW2WRtdDD9rVA=",
      "requires": {
        "@colors/colors": "1.5.0",
        "@dabh/diagnostics": "^2.0.2",
        "async": "^3.2.3",
        "is-stream": "^2.0.0",
        "logform": "^2.4.0",
        "one-time": "^1.0.0",
        "readable-stream": "^3.4.0",
        "safe-stable-stringify": "^2.3.1",
        "stack-trace": "0.0.x",
        "triple-beam": "^1.3.0",
        "winston-transport": "^4.5.0"
      }
    },
    "winston-transport": {
      "version": "4.5.0",
      "resolved": "http://msdeartprod.ms.com/artifactory/api/npm/npmjs/winston-transport/-/winston-transport-4.5.0.tgz",
      "integrity": "sha1-bnsN0E05MXHtXk5JBdsmX3qzhPo=",
      "requires": {
        "logform": "^2.3.2",
        "readable-stream": "^3.6.0",
        "triple-beam": "^1.3.0"
      }
    },
    "ws": {
      "version": "8.11.0",
      "resolved": "http://msdeartprod.ms.com/artifactory/api/npm/npmjs/ws/-/ws-8.11.0.tgz",
      "integrity": "sha1-ag02uO39n5bYslaD2y+Nfebo4UM="
    }
  }
}
