Microsoft Visual Studio Solution File, Format Version 12.00
# Visual Studio Version 17
VisualStudioVersion = 17.5.2.0
MinimumVisualStudioVersion = 10.0.40219.1
Project("{2150E333-8FDC-42A3-9474-1A3956D46DE8}") = "people-service", "people-service", "{982FF65E-A5C4-0932-01EE-133E923F9D41}"
EndProject
Project("{FAE04EC0-301F-11D3-BF4B-00C04F79EFBC}") = "PeopleService.WebApi", "people-service\PeopleService.WebApi\PeopleService.WebApi.csproj", "{15DB6237-9EA5-6658-3A21-475498F36544}"
EndProject
Project("{FAE04EC0-301F-11D3-BF4B-00C04F79EFBC}") = "PeopleService.Core", "people-service\PeopleService.Core\PeopleService.Core.csproj", "{8091F43F-0C79-45D3-8E49-CD1A8813D528}"
EndProject
Global
	GlobalSection(SolutionConfigurationPlatforms) = preSolution
		Debug|Any CPU = Debug|Any CPU
		Release|Any CPU = Release|Any CPU
	EndGlobalSection
	GlobalSection(ProjectConfigurationPlatforms) = postSolution
		{15DB6237-9EA5-6658-3A21-475498F36544}.Debug|Any CPU.ActiveCfg = Debug|Any CPU
		{15DB6237-9EA5-6658-3A21-475498F36544}.Debug|Any CPU.Build.0 = Debug|Any CPU
		{15DB6237-9EA5-6658-3A21-475498F36544}.Release|Any CPU.ActiveCfg = Release|Any CPU
		{15DB6237-9EA5-6658-3A21-475498F36544}.Release|Any CPU.Build.0 = Release|Any CPU
		{8091F43F-0C79-45D3-8E49-CD1A8813D528}.Debug|Any CPU.ActiveCfg = Debug|Any CPU
		{8091F43F-0C79-45D3-8E49-CD1A8813D528}.Debug|Any CPU.Build.0 = Debug|Any CPU
		{8091F43F-0C79-45D3-8E49-CD1A8813D528}.Release|Any CPU.ActiveCfg = Release|Any CPU
		{8091F43F-0C79-45D3-8E49-CD1A8813D528}.Release|Any CPU.Build.0 = Release|Any CPU
	EndGlobalSection
	GlobalSection(SolutionProperties) = preSolution
		HideSolutionNode = FALSE
	EndGlobalSection
	GlobalSection(NestedProjects) = preSolution
		{15DB6237-9EA5-6658-3A21-475498F36544} = {982FF65E-A5C4-0932-01EE-133E923F9D41}
		{8091F43F-0C79-45D3-8E49-CD1A8813D528} = {982FF65E-A5C4-0932-01EE-133E923F9D41}
	EndGlobalSection
	GlobalSection(ExtensibilityGlobals) = postSolution
		SolutionGuid = {C8E174D5-9A18-4BF2-B836-964FC8710BA5}
	EndGlobalSection
EndGlobal
