# GHCR image map for 009-order-management-matcher
account-service=ghcr.io/finos/traderx-c2/account-service:latest
database=ghcr.io/finos/traderx-c2/database:latest
ingress=ghcr.io/finos/traderx-c2/ingress:latest
order-matcher=ghcr.io/finos/traderx-c2/order-matcher:latest
people-service=ghcr.io/finos/traderx-c2/people-service:latest
position-service=ghcr.io/finos/traderx-c2/position-service:latest
price-publisher=ghcr.io/finos/traderx-c2/price-publisher:latest
reference-data=ghcr.io/finos/traderx-c2/reference-data:latest
trade-processor=ghcr.io/finos/traderx-c2/trade-processor:latest
trade-service=ghcr.io/finos/traderx-c2/trade-service:latest
web-front-end-angular=ghcr.io/finos/traderx-c2/web-front-end-angular:latest
