
Microsoft Visual Studio Solution File, Format Version 12.00
# Visual Studio Version 17
VisualStudioVersion = 17.2.32802.462
MinimumVisualStudioVersion = 10.0.40219.1
Project("{FAE04EC0-301F-11D3-BF4B-00C04F79EFBC}") = "PeopleService.Core", "PeopleService.Core\PeopleService.Core.csproj", "{8028B5B7-E5A3-4860-A6B4-62FBFDE930FE}"
EndProject
Project("{FAE04EC0-301F-11D3-BF4B-00C04F79EFBC}") = "PeopleService.WebApi", "PeopleService.WebApi\PeopleService.WebApi.csproj", "{1AD2ABF8-540F-48D6-A902-F7D088A56AC7}"
EndProject
Global
	GlobalSection(SolutionConfigurationPlatforms) = preSolution
		Debug|Any CPU = Debug|Any CPU
		Release|Any CPU = Release|Any CPU
	EndGlobalSection
	GlobalSection(ProjectConfigurationPlatforms) = postSolution
		{8028B5B7-E5A3-4860-A6B4-62FBFDE930FE}.Debug|Any CPU.ActiveCfg = Debug|Any CPU
		{8028B5B7-E5A3-4860-A6B4-62FBFDE930FE}.Debug|Any CPU.Build.0 = Debug|Any CPU
		{8028B5B7-E5A3-4860-A6B4-62FBFDE930FE}.Release|Any CPU.ActiveCfg = Release|Any CPU
		{8028B5B7-E5A3-4860-A6B4-62FBFDE930FE}.Release|Any CPU.Build.0 = Release|Any CPU
		{1AD2ABF8-540F-48D6-A902-F7D088A56AC7}.Debug|Any CPU.ActiveCfg = Debug|Any CPU
		{1AD2ABF8-540F-48D6-A902-F7D088A56AC7}.Debug|Any CPU.Build.0 = Debug|Any CPU
		{1AD2ABF8-540F-48D6-A902-F7D088A56AC7}.Release|Any CPU.ActiveCfg = Release|Any CPU
		{1AD2ABF8-540F-48D6-A902-F7D088A56AC7}.Release|Any CPU.Build.0 = Release|Any CPU
	EndGlobalSection
	GlobalSection(SolutionProperties) = preSolution
		HideSolutionNode = FALSE
	EndGlobalSection
	GlobalSection(ExtensibilityGlobals) = postSolution
		SolutionGuid = {E6AF9DAB-1FC0-419D-ACAE-E7EF790D3DB6}
	EndGlobalSection
EndGlobal
