# GHCR image map for 004-containerized-compose-runtime
account-service=ghcr.io/finos/traderx-c0/account-service:latest
database=ghcr.io/finos/traderx-c0/database:latest
ingress=ghcr.io/finos/traderx-c0/ingress:latest
people-service=ghcr.io/finos/traderx-c0/people-service:latest
position-service=ghcr.io/finos/traderx-c0/position-service:latest
reference-data=ghcr.io/finos/traderx-c0/reference-data:latest
trade-feed=ghcr.io/finos/traderx-c0/trade-feed:latest
trade-processor=ghcr.io/finos/traderx-c0/trade-processor:latest
trade-service=ghcr.io/finos/traderx-c0/trade-service:latest
web-front-end-angular=ghcr.io/finos/traderx-c0/web-front-end-angular:latest
